
Microsoft Visual Studio Solution File, Format Version 12.00
# Visual Studio 15
VisualStudioVersion = 15.0.26124.0
MinimumVisualStudioVersion = 15.0.26124.0
Project("{2150E333-8FDC-42A3-9474-1A3956D46DE8}") = "src", "src", "{4EBBA289-E286-42D5-9319-D31E69241CED}"
EndProject
Project("{FAE04EC0-301F-11D3-BF4B-00C04F79EFBC}") = "simpeapi", "src\simpeapi\simpeapi.csproj", "{34930390-9B3E-4894-B1EC-5410D839C67C}"
EndProject
Project("{2150E333-8FDC-42A3-9474-1A3956D46DE8}") = "test", "test", "{A09187E7-6350-487F-A706-46458C351E82}"
EndProject
Project("{FAE04EC0-301F-11D3-BF4B-00C04F79EFBC}") = "simpeapi.Test", "test\simpeapi.Test\simpeapi.Test.csproj", "{61A93DB6-E58C-4660-85E5-E24797BFB9A6}"
EndProject
Global
	GlobalSection(SolutionConfigurationPlatforms) = preSolution
		Debug|Any CPU = Debug|Any CPU
		Debug|x64 = Debug|x64
		Debug|x86 = Debug|x86
		Release|Any CPU = Release|Any CPU
		Release|x64 = Release|x64
		Release|x86 = Release|x86
	EndGlobalSection
	GlobalSection(SolutionProperties) = preSolution
		HideSolutionNode = FALSE
	EndGlobalSection
	GlobalSection(ProjectConfigurationPlatforms) = postSolution
		{34930390-9B3E-4894-B1EC-5410D839C67C}.Debug|Any CPU.ActiveCfg = Debug|Any CPU
		{34930390-9B3E-4894-B1EC-5410D839C67C}.Debug|Any CPU.Build.0 = Debug|Any CPU
		{34930390-9B3E-4894-B1EC-5410D839C67C}.Debug|x64.ActiveCfg = Debug|Any CPU
		{34930390-9B3E-4894-B1EC-5410D839C67C}.Debug|x64.Build.0 = Debug|Any CPU
		{34930390-9B3E-4894-B1EC-5410D839C67C}.Debug|x86.ActiveCfg = Debug|Any CPU
		{34930390-9B3E-4894-B1EC-5410D839C67C}.Debug|x86.Build.0 = Debug|Any CPU
		{34930390-9B3E-4894-B1EC-5410D839C67C}.Release|Any CPU.ActiveCfg = Release|Any CPU
		{34930390-9B3E-4894-B1EC-5410D839C67C}.Release|Any CPU.Build.0 = Release|Any CPU
		{34930390-9B3E-4894-B1EC-5410D839C67C}.Release|x64.ActiveCfg = Release|Any CPU
		{34930390-9B3E-4894-B1EC-5410D839C67C}.Release|x64.Build.0 = Release|Any CPU
		{34930390-9B3E-4894-B1EC-5410D839C67C}.Release|x86.ActiveCfg = Release|Any CPU
		{34930390-9B3E-4894-B1EC-5410D839C67C}.Release|x86.Build.0 = Release|Any CPU
		{61A93DB6-E58C-4660-85E5-E24797BFB9A6}.Debug|Any CPU.ActiveCfg = Debug|Any CPU
		{61A93DB6-E58C-4660-85E5-E24797BFB9A6}.Debug|Any CPU.Build.0 = Debug|Any CPU
		{61A93DB6-E58C-4660-85E5-E24797BFB9A6}.Debug|x64.ActiveCfg = Debug|Any CPU
		{61A93DB6-E58C-4660-85E5-E24797BFB9A6}.Debug|x64.Build.0 = Debug|Any CPU
		{61A93DB6-E58C-4660-85E5-E24797BFB9A6}.Debug|x86.ActiveCfg = Debug|Any CPU
		{61A93DB6-E58C-4660-85E5-E24797BFB9A6}.Debug|x86.Build.0 = Debug|Any CPU
		{61A93DB6-E58C-4660-85E5-E24797BFB9A6}.Release|Any CPU.ActiveCfg = Release|Any CPU
		{61A93DB6-E58C-4660-85E5-E24797BFB9A6}.Release|Any CPU.Build.0 = Release|Any CPU
		{61A93DB6-E58C-4660-85E5-E24797BFB9A6}.Release|x64.ActiveCfg = Release|Any CPU
		{61A93DB6-E58C-4660-85E5-E24797BFB9A6}.Release|x64.Build.0 = Release|Any CPU
		{61A93DB6-E58C-4660-85E5-E24797BFB9A6}.Release|x86.ActiveCfg = Release|Any CPU
		{61A93DB6-E58C-4660-85E5-E24797BFB9A6}.Release|x86.Build.0 = Release|Any CPU
	EndGlobalSection
	GlobalSection(NestedProjects) = preSolution
		{34930390-9B3E-4894-B1EC-5410D839C67C} = {4EBBA289-E286-42D5-9319-D31E69241CED}
		{61A93DB6-E58C-4660-85E5-E24797BFB9A6} = {A09187E7-6350-487F-A706-46458C351E82}
	EndGlobalSection
EndGlobal
